
Microsoft Visual Studio Solution File, Format Version 12.00
# Visual Studio Version 16
VisualStudioVersion = 16.0.31005.135
MinimumVisualStudioVersion = 10.0.40219.1
Project("{FAE04EC0-301F-11D3-BF4B-00C04F79EFBC}") = "WPFproject2", "WPFproject2\WPFproject2.csproj", "{804BE0F8-E168-4F02-8003-9E675D5EB0DA}"
EndProject
Global
	GlobalSection(SolutionConfigurationPlatforms) = preSolution
		Debug|Any CPU = Debug|Any CPU
		Release|Any CPU = Release|Any CPU
	EndGlobalSection
	GlobalSection(ProjectConfigurationPlatforms) = postSolution
		{804BE0F8-E168-4F02-8003-9E675D5EB0DA}.Debug|Any CPU.ActiveCfg = Debug|Any CPU
		{804BE0F8-E168-4F02-8003-9E675D5EB0DA}.Debug|Any CPU.Build.0 = Debug|Any CPU
		{804BE0F8-E168-4F02-8003-9E675D5EB0DA}.Release|Any CPU.ActiveCfg = Release|Any CPU
		{804BE0F8-E168-4F02-8003-9E675D5EB0DA}.Release|Any CPU.Build.0 = Release|Any CPU
	EndGlobalSection
	GlobalSection(SolutionProperties) = preSolution
		HideSolutionNode = FALSE
	EndGlobalSection
	GlobalSection(ExtensibilityGlobals) = postSolution
		SolutionGuid = {5CEAB13D-39EE-412F-A011-8E01F353F239}
	EndGlobalSection
EndGlobal
