
Microsoft Visual Studio Solution File, Format Version 12.00
# Visual Studio Version 16
VisualStudioVersion = 16.0.31321.278
MinimumVisualStudioVersion = 10.0.40219.1
Project("{FAE04EC0-301F-11D3-BF4B-00C04F79EFBC}") = "CS Lan 4 UDP", "CS Lan 4 UDP\CS Lan 4 UDP.csproj", "{D45BACA9-F693-4D22-9E60-8AD7241612B4}"
EndProject
Global
	GlobalSection(SolutionConfigurationPlatforms) = preSolution
		Debug|Any CPU = Debug|Any CPU
		Release|Any CPU = Release|Any CPU
	EndGlobalSection
	GlobalSection(ProjectConfigurationPlatforms) = postSolution
		{D45BACA9-F693-4D22-9E60-8AD7241612B4}.Debug|Any CPU.ActiveCfg = Debug|Any CPU
		{D45BACA9-F693-4D22-9E60-8AD7241612B4}.Debug|Any CPU.Build.0 = Debug|Any CPU
		{D45BACA9-F693-4D22-9E60-8AD7241612B4}.Release|Any CPU.ActiveCfg = Release|Any CPU
		{D45BACA9-F693-4D22-9E60-8AD7241612B4}.Release|Any CPU.Build.0 = Release|Any CPU
	EndGlobalSection
	GlobalSection(SolutionProperties) = preSolution
		HideSolutionNode = FALSE
	EndGlobalSection
	GlobalSection(ExtensibilityGlobals) = postSolution
		SolutionGuid = {FE88479D-9488-451C-B22E-88B5E0808AF9}
	EndGlobalSection
EndGlobal
