
Microsoft Visual Studio Solution File, Format Version 12.00
# Visual Studio Version 16
VisualStudioVersion = 16.0.31424.327
MinimumVisualStudioVersion = 10.0.40219.1
Project("{FAE04EC0-301F-11D3-BF4B-00C04F79EFBC}") = "AdoNetDapperTest", "AdoNetDapperTest\AdoNetDapperTest.csproj", "{18313D52-817D-48D3-9276-C15BB4DEB2C8}"
EndProject
Global
	GlobalSection(SolutionConfigurationPlatforms) = preSolution
		Debug|Any CPU = Debug|Any CPU
		Release|Any CPU = Release|Any CPU
	EndGlobalSection
	GlobalSection(ProjectConfigurationPlatforms) = postSolution
		{18313D52-817D-48D3-9276-C15BB4DEB2C8}.Debug|Any CPU.ActiveCfg = Debug|Any CPU
		{18313D52-817D-48D3-9276-C15BB4DEB2C8}.Debug|Any CPU.Build.0 = Debug|Any CPU
		{18313D52-817D-48D3-9276-C15BB4DEB2C8}.Release|Any CPU.ActiveCfg = Release|Any CPU
		{18313D52-817D-48D3-9276-C15BB4DEB2C8}.Release|Any CPU.Build.0 = Release|Any CPU
	EndGlobalSection
	GlobalSection(SolutionProperties) = preSolution
		HideSolutionNode = FALSE
	EndGlobalSection
	GlobalSection(ExtensibilityGlobals) = postSolution
		SolutionGuid = {D4E1AC4C-6C41-45E4-AD08-FDEADC21BA20}
	EndGlobalSection
EndGlobal
