
Microsoft Visual Studio Solution File, Format Version 12.00
# Visual Studio Version 16
VisualStudioVersion = 16.0.31321.278
MinimumVisualStudioVersion = 10.0.40219.1
Project("{FAE04EC0-301F-11D3-BF4B-00C04F79EFBC}") = "DB WForms 4", "DB WForms 4\DB WForms 4.csproj", "{5D28D7F7-761B-4EBF-829C-A356444881C1}"
EndProject
Global
	GlobalSection(SolutionConfigurationPlatforms) = preSolution
		Debug|Any CPU = Debug|Any CPU
		Release|Any CPU = Release|Any CPU
	EndGlobalSection
	GlobalSection(ProjectConfigurationPlatforms) = postSolution
		{5D28D7F7-761B-4EBF-829C-A356444881C1}.Debug|Any CPU.ActiveCfg = Debug|Any CPU
		{5D28D7F7-761B-4EBF-829C-A356444881C1}.Debug|Any CPU.Build.0 = Debug|Any CPU
		{5D28D7F7-761B-4EBF-829C-A356444881C1}.Release|Any CPU.ActiveCfg = Release|Any CPU
		{5D28D7F7-761B-4EBF-829C-A356444881C1}.Release|Any CPU.Build.0 = Release|Any CPU
	EndGlobalSection
	GlobalSection(SolutionProperties) = preSolution
		HideSolutionNode = FALSE
	EndGlobalSection
	GlobalSection(ExtensibilityGlobals) = postSolution
		SolutionGuid = {A96223B4-EC65-4FD9-A14A-E383C9E0551C}
	EndGlobalSection
EndGlobal
