
Microsoft Visual Studio Solution File, Format Version 12.00
# Visual Studio Version 16
VisualStudioVersion = 16.0.31321.278
MinimumVisualStudioVersion = 10.0.40219.1
Project("{FAE04EC0-301F-11D3-BF4B-00C04F79EFBC}") = "CS Lan Forms Http", "CS Lan Forms Http\CS Lan Forms Http.csproj", "{21FFAB35-019A-4D52-8D7D-B01E9CBAEC25}"
EndProject
Project("{FAE04EC0-301F-11D3-BF4B-00C04F79EFBC}") = "CS Lan SMTP", "CS Lan SMTP\CS Lan SMTP.csproj", "{9FEBD524-E07C-4FCE-B989-46DA14F24384}"
EndProject
Global
	GlobalSection(SolutionConfigurationPlatforms) = preSolution
		Debug|Any CPU = Debug|Any CPU
		Release|Any CPU = Release|Any CPU
	EndGlobalSection
	GlobalSection(ProjectConfigurationPlatforms) = postSolution
		{21FFAB35-019A-4D52-8D7D-B01E9CBAEC25}.Debug|Any CPU.ActiveCfg = Debug|Any CPU
		{21FFAB35-019A-4D52-8D7D-B01E9CBAEC25}.Debug|Any CPU.Build.0 = Debug|Any CPU
		{21FFAB35-019A-4D52-8D7D-B01E9CBAEC25}.Release|Any CPU.ActiveCfg = Release|Any CPU
		{21FFAB35-019A-4D52-8D7D-B01E9CBAEC25}.Release|Any CPU.Build.0 = Release|Any CPU
		{9FEBD524-E07C-4FCE-B989-46DA14F24384}.Debug|Any CPU.ActiveCfg = Debug|Any CPU
		{9FEBD524-E07C-4FCE-B989-46DA14F24384}.Debug|Any CPU.Build.0 = Debug|Any CPU
		{9FEBD524-E07C-4FCE-B989-46DA14F24384}.Release|Any CPU.ActiveCfg = Release|Any CPU
		{9FEBD524-E07C-4FCE-B989-46DA14F24384}.Release|Any CPU.Build.0 = Release|Any CPU
	EndGlobalSection
	GlobalSection(SolutionProperties) = preSolution
		HideSolutionNode = FALSE
	EndGlobalSection
	GlobalSection(ExtensibilityGlobals) = postSolution
		SolutionGuid = {9C9E2F7D-846C-4852-B158-D15FAE485BA1}
	EndGlobalSection
EndGlobal
