
Microsoft Visual Studio Solution File, Format Version 12.00
# Visual Studio Version 16
VisualStudioVersion = 16.0.31005.135
MinimumVisualStudioVersion = 10.0.40219.1
Project("{FAE04EC0-301F-11D3-BF4B-00C04F79EFBC}") = "HW 1", "HW 1\HW 1.csproj", "{479C4C4D-0B8E-4E0C-A49E-4CB102505BBD}"
EndProject
Global
	GlobalSection(SolutionConfigurationPlatforms) = preSolution
		Debug|Any CPU = Debug|Any CPU
		Release|Any CPU = Release|Any CPU
	EndGlobalSection
	GlobalSection(ProjectConfigurationPlatforms) = postSolution
		{479C4C4D-0B8E-4E0C-A49E-4CB102505BBD}.Debug|Any CPU.ActiveCfg = Debug|Any CPU
		{479C4C4D-0B8E-4E0C-A49E-4CB102505BBD}.Debug|Any CPU.Build.0 = Debug|Any CPU
		{479C4C4D-0B8E-4E0C-A49E-4CB102505BBD}.Release|Any CPU.ActiveCfg = Release|Any CPU
		{479C4C4D-0B8E-4E0C-A49E-4CB102505BBD}.Release|Any CPU.Build.0 = Release|Any CPU
	EndGlobalSection
	GlobalSection(SolutionProperties) = preSolution
		HideSolutionNode = FALSE
	EndGlobalSection
	GlobalSection(ExtensibilityGlobals) = postSolution
		SolutionGuid = {8259E28E-544F-4D02-AB3A-375992298DD2}
	EndGlobalSection
EndGlobal
