
Microsoft Visual Studio Solution File, Format Version 12.00
# Visual Studio Version 16
VisualStudioVersion = 16.0.31005.135
MinimumVisualStudioVersion = 10.0.40219.1
Project("{FAE04EC0-301F-11D3-BF4B-00C04F79EFBC}") = "HW 10", "HW 10\HW 10.csproj", "{F86E5F3C-4044-40C1-8EA5-87A9409F77D7}"
EndProject
Global
	GlobalSection(SolutionConfigurationPlatforms) = preSolution
		Debug|Any CPU = Debug|Any CPU
		Release|Any CPU = Release|Any CPU
	EndGlobalSection
	GlobalSection(ProjectConfigurationPlatforms) = postSolution
		{F86E5F3C-4044-40C1-8EA5-87A9409F77D7}.Debug|Any CPU.ActiveCfg = Debug|Any CPU
		{F86E5F3C-4044-40C1-8EA5-87A9409F77D7}.Debug|Any CPU.Build.0 = Debug|Any CPU
		{F86E5F3C-4044-40C1-8EA5-87A9409F77D7}.Release|Any CPU.ActiveCfg = Release|Any CPU
		{F86E5F3C-4044-40C1-8EA5-87A9409F77D7}.Release|Any CPU.Build.0 = Release|Any CPU
	EndGlobalSection
	GlobalSection(SolutionProperties) = preSolution
		HideSolutionNode = FALSE
	EndGlobalSection
	GlobalSection(ExtensibilityGlobals) = postSolution
		SolutionGuid = {17E39643-23B9-439D-A913-DDCF9BB5430C}
	EndGlobalSection
EndGlobal
