
Microsoft Visual Studio Solution File, Format Version 12.00
# Visual Studio Version 16
VisualStudioVersion = 16.0.31321.278
MinimumVisualStudioVersion = 10.0.40219.1
Project("{FAE04EC0-301F-11D3-BF4B-00C04F79EFBC}") = "DB WForms PR", "DB WForms PR\DB WForms PR.csproj", "{12C458C8-85B4-4841-AFB4-FDFA0481B209}"
EndProject
Global
	GlobalSection(SolutionConfigurationPlatforms) = preSolution
		Debug|Any CPU = Debug|Any CPU
		Release|Any CPU = Release|Any CPU
	EndGlobalSection
	GlobalSection(ProjectConfigurationPlatforms) = postSolution
		{12C458C8-85B4-4841-AFB4-FDFA0481B209}.Debug|Any CPU.ActiveCfg = Debug|Any CPU
		{12C458C8-85B4-4841-AFB4-FDFA0481B209}.Debug|Any CPU.Build.0 = Debug|Any CPU
		{12C458C8-85B4-4841-AFB4-FDFA0481B209}.Release|Any CPU.ActiveCfg = Release|Any CPU
		{12C458C8-85B4-4841-AFB4-FDFA0481B209}.Release|Any CPU.Build.0 = Release|Any CPU
	EndGlobalSection
	GlobalSection(SolutionProperties) = preSolution
		HideSolutionNode = FALSE
	EndGlobalSection
	GlobalSection(ExtensibilityGlobals) = postSolution
		SolutionGuid = {2FE1958F-E884-4450-AC70-F1E8C48100D9}
	EndGlobalSection
EndGlobal
