
Microsoft Visual Studio Solution File, Format Version 12.00
# Visual Studio Version 16
VisualStudioVersion = 16.0.31424.327
MinimumVisualStudioVersion = 10.0.40219.1
Project("{FAE04EC0-301F-11D3-BF4B-00C04F79EFBC}") = "CSLan6TestUdpClient", "CSLan4TestUdpClient\CSLan6TestUdpClient.csproj", "{E85BC24D-71BF-4057-99B8-3F0FC8E8C348}"
EndProject
Global
	GlobalSection(SolutionConfigurationPlatforms) = preSolution
		Debug|Any CPU = Debug|Any CPU
		Release|Any CPU = Release|Any CPU
	EndGlobalSection
	GlobalSection(ProjectConfigurationPlatforms) = postSolution
		{E85BC24D-71BF-4057-99B8-3F0FC8E8C348}.Debug|Any CPU.ActiveCfg = Debug|Any CPU
		{E85BC24D-71BF-4057-99B8-3F0FC8E8C348}.Debug|Any CPU.Build.0 = Debug|Any CPU
		{E85BC24D-71BF-4057-99B8-3F0FC8E8C348}.Release|Any CPU.ActiveCfg = Release|Any CPU
		{E85BC24D-71BF-4057-99B8-3F0FC8E8C348}.Release|Any CPU.Build.0 = Release|Any CPU
	EndGlobalSection
	GlobalSection(SolutionProperties) = preSolution
		HideSolutionNode = FALSE
	EndGlobalSection
	GlobalSection(ExtensibilityGlobals) = postSolution
		SolutionGuid = {4B541CD8-BBD5-40FA-811C-C5EB93E1979C}
	EndGlobalSection
EndGlobal
