
Microsoft Visual Studio Solution File, Format Version 12.00
# Visual Studio Version 16
VisualStudioVersion = 16.0.31321.278
MinimumVisualStudioVersion = 10.0.40219.1
Project("{FAE04EC0-301F-11D3-BF4B-00C04F79EFBC}") = "DB WForms 2", "DB WForms 2\DB WForms 2.csproj", "{F163124B-2EBA-49F6-A71C-0309851D3CEC}"
EndProject
Global
	GlobalSection(SolutionConfigurationPlatforms) = preSolution
		Debug|Any CPU = Debug|Any CPU
		Release|Any CPU = Release|Any CPU
	EndGlobalSection
	GlobalSection(ProjectConfigurationPlatforms) = postSolution
		{F163124B-2EBA-49F6-A71C-0309851D3CEC}.Debug|Any CPU.ActiveCfg = Debug|Any CPU
		{F163124B-2EBA-49F6-A71C-0309851D3CEC}.Debug|Any CPU.Build.0 = Debug|Any CPU
		{F163124B-2EBA-49F6-A71C-0309851D3CEC}.Release|Any CPU.ActiveCfg = Release|Any CPU
		{F163124B-2EBA-49F6-A71C-0309851D3CEC}.Release|Any CPU.Build.0 = Release|Any CPU
	EndGlobalSection
	GlobalSection(SolutionProperties) = preSolution
		HideSolutionNode = FALSE
	EndGlobalSection
	GlobalSection(ExtensibilityGlobals) = postSolution
		SolutionGuid = {10C51426-E2DE-4E50-967B-E483A1F32AC3}
	EndGlobalSection
EndGlobal
