
Microsoft Visual Studio Solution File, Format Version 12.00
# Visual Studio Version 16
VisualStudioVersion = 16.0.31321.278
MinimumVisualStudioVersion = 10.0.40219.1
Project("{FAE04EC0-301F-11D3-BF4B-00C04F79EFBC}") = "CS System 1", "CS System 1\CS System 1.csproj", "{6C88C102-279A-4919-9966-BB469CDFFCE9}"
EndProject
Project("{FAE04EC0-301F-11D3-BF4B-00C04F79EFBC}") = "CS PR", "CS PR\CS PR.csproj", "{F7DF9BBC-1D8A-48D7-A522-343BE79D5B11}"
EndProject
Global
	GlobalSection(SolutionConfigurationPlatforms) = preSolution
		Debug|Any CPU = Debug|Any CPU
		Release|Any CPU = Release|Any CPU
	EndGlobalSection
	GlobalSection(ProjectConfigurationPlatforms) = postSolution
		{6C88C102-279A-4919-9966-BB469CDFFCE9}.Debug|Any CPU.ActiveCfg = Debug|Any CPU
		{6C88C102-279A-4919-9966-BB469CDFFCE9}.Debug|Any CPU.Build.0 = Debug|Any CPU
		{6C88C102-279A-4919-9966-BB469CDFFCE9}.Release|Any CPU.ActiveCfg = Release|Any CPU
		{6C88C102-279A-4919-9966-BB469CDFFCE9}.Release|Any CPU.Build.0 = Release|Any CPU
		{F7DF9BBC-1D8A-48D7-A522-343BE79D5B11}.Debug|Any CPU.ActiveCfg = Debug|Any CPU
		{F7DF9BBC-1D8A-48D7-A522-343BE79D5B11}.Debug|Any CPU.Build.0 = Debug|Any CPU
		{F7DF9BBC-1D8A-48D7-A522-343BE79D5B11}.Release|Any CPU.ActiveCfg = Release|Any CPU
		{F7DF9BBC-1D8A-48D7-A522-343BE79D5B11}.Release|Any CPU.Build.0 = Release|Any CPU
	EndGlobalSection
	GlobalSection(SolutionProperties) = preSolution
		HideSolutionNode = FALSE
	EndGlobalSection
	GlobalSection(ExtensibilityGlobals) = postSolution
		SolutionGuid = {EFB96DBD-0CE1-45DF-91A4-61F29507C7E9}
	EndGlobalSection
EndGlobal
