
Microsoft Visual Studio Solution File, Format Version 12.00
# Visual Studio Version 16
VisualStudioVersion = 16.0.31321.278
MinimumVisualStudioVersion = 10.0.40219.1
Project("{FAE04EC0-301F-11D3-BF4B-00C04F79EFBC}") = "CS Lan Form Send_File", "CS Lan Form Send_File\CS Lan Form Send_File.csproj", "{2D644655-14FE-40F0-9A24-6ECCACEB1775}"
EndProject
Project("{FAE04EC0-301F-11D3-BF4B-00C04F79EFBC}") = "CS Lan Form Receive_File", "CS Lan Form Receive_File\CS Lan Form Receive_File.csproj", "{790B5117-DFF5-46FE-AD4F-683A11A16510}"
EndProject
Global
	GlobalSection(SolutionConfigurationPlatforms) = preSolution
		Debug|Any CPU = Debug|Any CPU
		Release|Any CPU = Release|Any CPU
	EndGlobalSection
	GlobalSection(ProjectConfigurationPlatforms) = postSolution
		{2D644655-14FE-40F0-9A24-6ECCACEB1775}.Debug|Any CPU.ActiveCfg = Debug|Any CPU
		{2D644655-14FE-40F0-9A24-6ECCACEB1775}.Debug|Any CPU.Build.0 = Debug|Any CPU
		{2D644655-14FE-40F0-9A24-6ECCACEB1775}.Release|Any CPU.ActiveCfg = Release|Any CPU
		{2D644655-14FE-40F0-9A24-6ECCACEB1775}.Release|Any CPU.Build.0 = Release|Any CPU
		{790B5117-DFF5-46FE-AD4F-683A11A16510}.Debug|Any CPU.ActiveCfg = Debug|Any CPU
		{790B5117-DFF5-46FE-AD4F-683A11A16510}.Debug|Any CPU.Build.0 = Debug|Any CPU
		{790B5117-DFF5-46FE-AD4F-683A11A16510}.Release|Any CPU.ActiveCfg = Release|Any CPU
		{790B5117-DFF5-46FE-AD4F-683A11A16510}.Release|Any CPU.Build.0 = Release|Any CPU
	EndGlobalSection
	GlobalSection(SolutionProperties) = preSolution
		HideSolutionNode = FALSE
	EndGlobalSection
	GlobalSection(ExtensibilityGlobals) = postSolution
		SolutionGuid = {42BBE34B-29B6-4E26-86A2-79D134CE2183}
	EndGlobalSection
EndGlobal
