
Microsoft Visual Studio Solution File, Format Version 12.00
# Visual Studio Version 16
VisualStudioVersion = 16.0.31321.278
MinimumVisualStudioVersion = 10.0.40219.1
Project("{FAE04EC0-301F-11D3-BF4B-00C04F79EFBC}") = "HW 20", "HW 20\HW 20.csproj", "{A6263F9E-A1E0-4518-BA3B-F282526CBE6E}"
EndProject
Global
	GlobalSection(SolutionConfigurationPlatforms) = preSolution
		Debug|Any CPU = Debug|Any CPU
		Release|Any CPU = Release|Any CPU
	EndGlobalSection
	GlobalSection(ProjectConfigurationPlatforms) = postSolution
		{A6263F9E-A1E0-4518-BA3B-F282526CBE6E}.Debug|Any CPU.ActiveCfg = Debug|Any CPU
		{A6263F9E-A1E0-4518-BA3B-F282526CBE6E}.Debug|Any CPU.Build.0 = Debug|Any CPU
		{A6263F9E-A1E0-4518-BA3B-F282526CBE6E}.Release|Any CPU.ActiveCfg = Release|Any CPU
		{A6263F9E-A1E0-4518-BA3B-F282526CBE6E}.Release|Any CPU.Build.0 = Release|Any CPU
	EndGlobalSection
	GlobalSection(SolutionProperties) = preSolution
		HideSolutionNode = FALSE
	EndGlobalSection
	GlobalSection(ExtensibilityGlobals) = postSolution
		SolutionGuid = {E17A5D1D-6A4E-4031-94B6-930D5B0A8F28}
	EndGlobalSection
EndGlobal
