
Microsoft Visual Studio Solution File, Format Version 12.00
# Visual Studio Version 16
VisualStudioVersion = 16.0.31005.135
MinimumVisualStudioVersion = 10.0.40219.1
Project("{FAE04EC0-301F-11D3-BF4B-00C04F79EFBC}") = "HW 3", "HW 3\HW 3.csproj", "{4D3ED9B5-739F-49EA-BFF8-2DFF0C06D9E1}"
EndProject
Global
	GlobalSection(SolutionConfigurationPlatforms) = preSolution
		Debug|Any CPU = Debug|Any CPU
		Release|Any CPU = Release|Any CPU
	EndGlobalSection
	GlobalSection(ProjectConfigurationPlatforms) = postSolution
		{4D3ED9B5-739F-49EA-BFF8-2DFF0C06D9E1}.Debug|Any CPU.ActiveCfg = Debug|Any CPU
		{4D3ED9B5-739F-49EA-BFF8-2DFF0C06D9E1}.Debug|Any CPU.Build.0 = Debug|Any CPU
		{4D3ED9B5-739F-49EA-BFF8-2DFF0C06D9E1}.Release|Any CPU.ActiveCfg = Release|Any CPU
		{4D3ED9B5-739F-49EA-BFF8-2DFF0C06D9E1}.Release|Any CPU.Build.0 = Release|Any CPU
	EndGlobalSection
	GlobalSection(SolutionProperties) = preSolution
		HideSolutionNode = FALSE
	EndGlobalSection
	GlobalSection(ExtensibilityGlobals) = postSolution
		SolutionGuid = {8D70D5BC-125C-4962-8860-8BF74CBCC275}
	EndGlobalSection
EndGlobal
