
Microsoft Visual Studio Solution File, Format Version 12.00
# Visual Studio Version 16
VisualStudioVersion = 16.0.31321.278
MinimumVisualStudioVersion = 10.0.40219.1
Project("{FAE04EC0-301F-11D3-BF4B-00C04F79EFBC}") = "Binary_DB", "Binary_DB\Binary_DB.csproj", "{252D8F7D-D568-4CA9-9855-F55E88D899D8}"
EndProject
Global
	GlobalSection(SolutionConfigurationPlatforms) = preSolution
		Debug|Any CPU = Debug|Any CPU
		Release|Any CPU = Release|Any CPU
	EndGlobalSection
	GlobalSection(ProjectConfigurationPlatforms) = postSolution
		{252D8F7D-D568-4CA9-9855-F55E88D899D8}.Debug|Any CPU.ActiveCfg = Debug|Any CPU
		{252D8F7D-D568-4CA9-9855-F55E88D899D8}.Debug|Any CPU.Build.0 = Debug|Any CPU
		{252D8F7D-D568-4CA9-9855-F55E88D899D8}.Release|Any CPU.ActiveCfg = Release|Any CPU
		{252D8F7D-D568-4CA9-9855-F55E88D899D8}.Release|Any CPU.Build.0 = Release|Any CPU
	EndGlobalSection
	GlobalSection(SolutionProperties) = preSolution
		HideSolutionNode = FALSE
	EndGlobalSection
	GlobalSection(ExtensibilityGlobals) = postSolution
		SolutionGuid = {157D79FD-5EBB-416B-BCA1-CC9B17742CD5}
	EndGlobalSection
EndGlobal
